{
  "version": 4,
  "terraform_version": "0.12.0",
  "serial": 15,
  "lineage": "1d9a8629-8d7a-1c26-2f9d-6c80ad1b12b5",
  "outputs": {},
  "resources": [
    {
      "mode": "managed",
      "type": "aws_instance",
      "name": "devops",
      "provider": "provider.aws",
      "instances": [
        {
          "schema_version": 1,
          "attributes": {
            "ami": "ami-032509850cf9ee54e",
            "arn": "arn:aws:ec2:us-west-2:141810264463:instance/i-0b8efd7f27de98c42",
            "associate_public_ip_address": true,
            "availability_zone": "us-west-2a",
            "block_device": null,
            "cpu_core_count": 1,
            "cpu_threads_per_core": 1,
            "credit_specification": [
              {
                "cpu_credits": "standard"
              }
            ],
            "disable_api_termination": false,
            "ebs_block_device": [],
            "ebs_optimized": false,
            "ephemeral_block_device": [],
            "get_password_data": false,
            "iam_instance_profile": "",
            "id": "i-0b8efd7f27de98c42",
            "instance_initiated_shutdown_behavior": null,
            "instance_state": "running",
            "instance_type": "t2.micro",
            "ipv6_address_count": null,
            "ipv6_addresses": [],
            "key_name": "hipoint",
            "monitoring": false,
            "network_interface": [],
            "network_interface_id": "eni-0ea991db31cd9531b",
            "password_data": "",
            "placement_group": "",
            "primary_network_interface_id": "eni-0ea991db31cd9531b",
            "private_dns": "ip-172-31-28-191.us-west-2.compute.internal",
            "private_ip": "172.31.28.191",
            "public_dns": "ec2-54-191-25-115.us-west-2.compute.amazonaws.com",
            "public_ip": "54.191.25.115",
            "root_block_device": [
              {
                "delete_on_termination": true,
                "iops": 100,
                "volume_id": "vol-0ffdfd98917a04a83",
                "volume_size": 8,
                "volume_type": "gp2"
              }
            ],
            "security_groups": [
              "default"
            ],
            "source_dest_check": true,
            "subnet_id": "subnet-b7b796ce",
            "tags": null,
            "tenancy": "default",
            "timeouts": {
              "create": null,
              "delete": null,
              "update": null
            },
            "user_data": null,
            "user_data_base64": null,
            "volume_tags": {},
            "vpc_security_group_ids": [
              "sg-a7bb4dd3"
            ]
          }
        }
      ]
    }
  ]
}
